{
  "name": "transmute-dapp-hosting",
  "version": "0.1.0",
  "lockfileVersion": 1,
  "requires": true,
  "dependencies": {
    "asn1.js": {
      "version": "5.0.0",
      "resolved": "https://registry.npmjs.org/asn1.js/-/asn1.js-5.0.0.tgz",
      "integrity": "sha512-Y+FKviD0uyIWWo/xE0XkUl0x1allKFhzEVJ+//2Dgqpy+n+B77MlPNqvyk7Vx50M9XyVzjnRhDqJAEAsyivlbA==",
      "dev": true,
      "requires": {
        "bn.js": "4.11.8",
        "inherits": "2.0.3",
        "minimalistic-assert": "1.0.0"
      }
    },
    "async": {
      "version": "2.6.0",
      "resolved": "https://registry.npmjs.org/async/-/async-2.6.0.tgz",
      "integrity": "sha512-xAfGg1/NTLBBKlHFmnd7PlmUW9KhVQIUuSrYem9xzFUZy13ScvtyGGejaae9iAVRiRq9+Cx7DPFaAAhCpyxyPw==",
      "dev": true,
      "requires": {
        "lodash": "4.17.4"
      }
    },
    "balanced-match": {
      "version": "1.0.0",
      "resolved": "https://registry.npmjs.org/balanced-match/-/balanced-match-1.0.0.tgz",
      "integrity": "sha1-ibTRmasr7kneFk6gK4nORi1xt2c=",
      "dev": true
    },
    "base-x": {
      "version": "3.0.4",
      "resolved": "https://registry.npmjs.org/base-x/-/base-x-3.0.4.tgz",
      "integrity": "sha512-UYOadoSIkEI/VrRGSG6qp93rp2WdokiAiNYDfGW5qURAY8GiAQkvMbwNNSDYiVJopqv4gCna7xqf4rrNGp+5AA==",
      "dev": true,
      "requires": {
        "safe-buffer": "5.1.1"
      }
    },
    "bindings": {
      "version": "1.3.0",
      "resolved": "https://registry.npmjs.org/bindings/-/bindings-1.3.0.tgz",
      "integrity": "sha512-DpLh5EzMR2kzvX1KIlVC0VkC3iZtHKTgdtZ0a3pglBZdaQFjt5S9g9xd1lE+YvXyfd6mtCeRnrUfOLYiTMlNSw==",
      "dev": true
    },
    "bip66": {
      "version": "1.1.5",
      "resolved": "https://registry.npmjs.org/bip66/-/bip66-1.1.5.tgz",
      "integrity": "sha1-AfqHSHhcpwlV1QESF9GzE5lpyiI=",
      "dev": true,
      "requires": {
        "safe-buffer": "5.1.1"
      }
    },
    "bl": {
      "version": "1.2.1",
      "resolved": "https://registry.npmjs.org/bl/-/bl-1.2.1.tgz",
      "integrity": "sha1-ysMo977kVzDUBLaSID/LWQ4XLV4=",
      "dev": true,
      "requires": {
        "readable-stream": "2.3.3"
      }
    },
    "blakejs": {
      "version": "1.1.0",
      "resolved": "https://registry.npmjs.org/blakejs/-/blakejs-1.1.0.tgz",
      "integrity": "sha1-ad+S75U6qIylGjLfarHFShVfx6U=",
      "dev": true
    },
    "bn.js": {
      "version": "4.11.8",
      "resolved": "https://registry.npmjs.org/bn.js/-/bn.js-4.11.8.tgz",
      "integrity": "sha512-ItfYfPLkWHUjckQCk8xC+LwxgK8NYcXywGigJgSwOP8Y2iyWT4f2vsZnoOXTTbo+o5yXmIUJ4gn5538SO5S3gA==",
      "dev": true
    },
    "brace-expansion": {
      "version": "1.1.8",
      "resolved": "https://registry.npmjs.org/brace-expansion/-/brace-expansion-1.1.8.tgz",
      "integrity": "sha1-wHshHHyVLsH479Uad+8NHTmQopI=",
      "dev": true,
      "requires": {
        "balanced-match": "1.0.0",
        "concat-map": "0.0.1"
      }
    },
    "brorand": {
      "version": "1.1.0",
      "resolved": "https://registry.npmjs.org/brorand/-/brorand-1.1.0.tgz",
      "integrity": "sha1-EsJe/kCkXjwyPrhnWgoM5XsiNx8=",
      "dev": true
    },
    "browserify-aes": {
      "version": "1.1.1",
      "resolved": "https://registry.npmjs.org/browserify-aes/-/browserify-aes-1.1.1.tgz",
      "integrity": "sha512-UGnTYAnB2a3YuYKIRy1/4FB2HdM866E0qC46JXvVTYKlBlZlnvfpSfY6OKfXZAkv70eJ2a1SqzpAo5CRhZGDFg==",
      "dev": true,
      "requires": {
        "buffer-xor": "1.0.3",
        "cipher-base": "1.0.4",
        "create-hash": "1.1.3",
        "evp_bytestokey": "1.0.3",
        "inherits": "2.0.3",
        "safe-buffer": "5.1.1"
      }
    },
    "buffer-loader": {
      "version": "0.0.1",
      "resolved": "https://registry.npmjs.org/buffer-loader/-/buffer-loader-0.0.1.tgz",
      "integrity": "sha1-TWd8qS3YiTEIeLAqL7z6txICTPI=",
      "dev": true
    },
    "buffer-xor": {
      "version": "1.0.3",
      "resolved": "https://registry.npmjs.org/buffer-xor/-/buffer-xor-1.0.3.tgz",
      "integrity": "sha1-JuYe0UIvtw3ULm42cp7VHYVf6Nk=",
      "dev": true
    },
    "builtin-status-codes": {
      "version": "3.0.0",
      "resolved": "https://registry.npmjs.org/builtin-status-codes/-/builtin-status-codes-3.0.0.tgz",
      "integrity": "sha1-hZgoeOIbmOHGZCXgPQF0eI9Wnug=",
      "dev": true
    },
    "cids": {
      "version": "0.5.2",
      "resolved": "https://registry.npmjs.org/cids/-/cids-0.5.2.tgz",
      "integrity": "sha512-ymyC9kV8iKgvn+MU44glekHKMDbfx7hUh1YRNDJ4ZzBQspFamRvmDlbH5jjHp9LwwH1vvJuV/rcy1gWJeSVcIw==",
      "dev": true,
      "requires": {
        "multibase": "0.3.4",
        "multicodec": "0.2.5",
        "multihashes": "0.4.13"
      }
    },
    "cipher-base": {
      "version": "1.0.4",
      "resolved": "https://registry.npmjs.org/cipher-base/-/cipher-base-1.0.4.tgz",
      "integrity": "sha512-Kkht5ye6ZGmwv40uUDZztayT2ThLQGfnj/T71N/XzeZeo3nf8foyW7zGTsPYkEya3m5f3cAypH+qe7YOrM1U2Q==",
      "dev": true,
      "requires": {
        "inherits": "2.0.3",
        "safe-buffer": "5.1.1"
      }
    },
    "concat-map": {
      "version": "0.0.1",
      "resolved": "https://registry.npmjs.org/concat-map/-/concat-map-0.0.1.tgz",
      "integrity": "sha1-2Klr13/Wjfd5OnMDajug1UBdR3s=",
      "dev": true
    },
    "concat-stream": {
      "version": "1.6.0",
      "resolved": "https://registry.npmjs.org/concat-stream/-/concat-stream-1.6.0.tgz",
      "integrity": "sha1-CqxmL9Ur54lk1VMvaUeE5wEQrPc=",
      "dev": true,
      "requires": {
        "inherits": "2.0.3",
        "readable-stream": "2.3.3",
        "typedarray": "0.0.6"
      }
    },
    "core-util-is": {
      "version": "1.0.2",
      "resolved": "https://registry.npmjs.org/core-util-is/-/core-util-is-1.0.2.tgz",
      "integrity": "sha1-tf1UIgqivFq1eqtxQMlAdUUDwac=",
      "dev": true
    },
    "create-hash": {
      "version": "1.1.3",
      "resolved": "https://registry.npmjs.org/create-hash/-/create-hash-1.1.3.tgz",
      "integrity": "sha1-YGBCrIuSYnUPSDyt2rD1gZFy2P0=",
      "dev": true,
      "requires": {
        "cipher-base": "1.0.4",
        "inherits": "2.0.3",
        "ripemd160": "2.0.1",
        "sha.js": "2.4.9"
      }
    },
    "create-hmac": {
      "version": "1.1.6",
      "resolved": "https://registry.npmjs.org/create-hmac/-/create-hmac-1.1.6.tgz",
      "integrity": "sha1-rLniIaThe9sHbpBlfEK5PjcmzwY=",
      "dev": true,
      "requires": {
        "cipher-base": "1.0.4",
        "create-hash": "1.1.3",
        "inherits": "2.0.3",
        "ripemd160": "2.0.1",
        "safe-buffer": "5.1.1",
        "sha.js": "2.4.9"
      }
    },
    "detect-node": {
      "version": "2.0.3",
      "resolved": "https://registry.npmjs.org/detect-node/-/detect-node-2.0.3.tgz",
      "integrity": "sha1-ogM8CcyOFY03dI+951B4Mr1s4Sc=",
      "dev": true
    },
    "drbg.js": {
      "version": "1.0.1",
      "resolved": "https://registry.npmjs.org/drbg.js/-/drbg.js-1.0.1.tgz",
      "integrity": "sha1-Pja2xCs3BDgjzbwzLVjzHiRFSAs=",
      "dev": true,
      "requires": {
        "browserify-aes": "1.1.1",
        "create-hash": "1.1.3",
        "create-hmac": "1.1.6"
      }
    },
    "elliptic": {
      "version": "6.4.0",
      "resolved": "https://registry.npmjs.org/elliptic/-/elliptic-6.4.0.tgz",
      "integrity": "sha1-ysmvh2LIWDYYcAPI3+GT5eLq5d8=",
      "dev": true,
      "requires": {
        "bn.js": "4.11.8",
        "brorand": "1.1.0",
        "hash.js": "1.1.3",
        "hmac-drbg": "1.0.1",
        "inherits": "2.0.3",
        "minimalistic-assert": "1.0.0",
        "minimalistic-crypto-utils": "1.0.1"
      }
    },
    "end-of-stream": {
      "version": "1.4.1",
      "resolved": "https://registry.npmjs.org/end-of-stream/-/end-of-stream-1.4.1.tgz",
      "integrity": "sha512-1MkrZNvWTKCaigbn+W15elq2BB/L22nqrSY5DKlo3X6+vclJm8Bb5djXJBmEX6fS3+zCh/F4VBK5Z2KxJt4s2Q==",
      "dev": true,
      "requires": {
        "once": "1.4.0"
      }
    },
    "evp_bytestokey": {
      "version": "1.0.3",
      "resolved": "https://registry.npmjs.org/evp_bytestokey/-/evp_bytestokey-1.0.3.tgz",
      "integrity": "sha512-/f2Go4TognH/KvCISP7OUsHn85hT9nUkxxA9BEWxFn+Oj9o8ZNLm/40hdlgSLyuOimsrTKLUMEorQexp/aPQeA==",
      "dev": true,
      "requires": {
        "md5.js": "1.3.4",
        "safe-buffer": "5.1.1"
      }
    },
    "flatmap": {
      "version": "0.0.3",
      "resolved": "https://registry.npmjs.org/flatmap/-/flatmap-0.0.3.tgz",
      "integrity": "sha1-Hxik2TgVLUlZZfnJWNkjqy3WabQ=",
      "dev": true
    },
    "fs.realpath": {
      "version": "1.0.0",
      "resolved": "https://registry.npmjs.org/fs.realpath/-/fs.realpath-1.0.0.tgz",
      "integrity": "sha1-FQStJSMVjKpA20onh8sBQRmU6k8=",
      "dev": true
    },
    "glob": {
      "version": "7.1.2",
      "resolved": "https://registry.npmjs.org/glob/-/glob-7.1.2.tgz",
      "integrity": "sha512-MJTUg1kjuLeQCJ+ccE4Vpa6kKVXkPYJ2mOCQyUuKLcLQsdrMCpBPUi8qVE6+YuaJkozeA9NusTAw3hLr8Xe5EQ==",
      "dev": true,
      "requires": {
        "fs.realpath": "1.0.0",
        "inflight": "1.0.6",
        "inherits": "2.0.3",
        "minimatch": "3.0.4",
        "once": "1.4.0",
        "path-is-absolute": "1.0.1"
      }
    },
    "hash-base": {
      "version": "2.0.2",
      "resolved": "https://registry.npmjs.org/hash-base/-/hash-base-2.0.2.tgz",
      "integrity": "sha1-ZuodhW206KVHDK32/OI65SRO8uE=",
      "dev": true,
      "requires": {
        "inherits": "2.0.3"
      }
    },
    "hash.js": {
      "version": "1.1.3",
      "resolved": "https://registry.npmjs.org/hash.js/-/hash.js-1.1.3.tgz",
      "integrity": "sha512-/UETyP0W22QILqS+6HowevwhEFJ3MBJnwTf75Qob9Wz9t0DPuisL8kW8YZMK62dHAKE1c1p+gY1TtOLY+USEHA==",
      "dev": true,
      "requires": {
        "inherits": "2.0.3",
        "minimalistic-assert": "1.0.0"
      }
    },
    "hmac-drbg": {
      "version": "1.0.1",
      "resolved": "https://registry.npmjs.org/hmac-drbg/-/hmac-drbg-1.0.1.tgz",
      "integrity": "sha1-0nRXAQJabHdabFRXk+1QL8DGSaE=",
      "dev": true,
      "requires": {
        "hash.js": "1.1.3",
        "minimalistic-assert": "1.0.0",
        "minimalistic-crypto-utils": "1.0.1"
      }
    },
    "inflight": {
      "version": "1.0.6",
      "resolved": "https://registry.npmjs.org/inflight/-/inflight-1.0.6.tgz",
      "integrity": "sha1-Sb1jMdfQLQwJvJEKEHW6gWW1bfk=",
      "dev": true,
      "requires": {
        "once": "1.4.0",
        "wrappy": "1.0.2"
      }
    },
    "inherits": {
      "version": "2.0.3",
      "resolved": "https://registry.npmjs.org/inherits/-/inherits-2.0.3.tgz",
      "integrity": "sha1-Yzwsg+PaQqUC9SRmAiSA9CCCYd4=",
      "dev": true
    },
    "ip": {
      "version": "1.1.5",
      "resolved": "https://registry.npmjs.org/ip/-/ip-1.1.5.tgz",
      "integrity": "sha1-vd7XARQpCCjAoDnnLvJfWq7ENUo=",
      "dev": true
    },
    "ipfs-api": {
      "version": "17.3.0",
      "resolved": "https://registry.npmjs.org/ipfs-api/-/ipfs-api-17.3.0.tgz",
      "integrity": "sha512-o4Qqchv+tY4dtZM6crD/3KNCItbxTRQBd5tgWMmPlHLZNJnhgSR66QVh9V4GZ7yzCNxY9Q2TjdcXiKmi/i7xYQ==",
      "dev": true,
      "requires": {
        "async": "2.6.0",
        "bs58": "4.0.1",
        "cids": "0.5.2",
        "concat-stream": "1.6.0",
        "detect-node": "2.0.3",
        "flatmap": "0.0.3",
        "glob": "7.1.2",
        "ipfs-block": "0.6.1",
        "ipfs-unixfs": "0.1.14",
        "ipld-dag-pb": "0.11.4",
        "is-ipfs": "0.3.2",
        "is-stream": "1.1.0",
        "lru-cache": "4.1.1",
        "multiaddr": "3.0.2",
        "multihashes": "0.4.13",
        "ndjson": "1.5.0",
        "once": "1.4.0",
        "peer-id": "0.10.4",
        "peer-info": "0.11.4",
        "promisify-es6": "1.0.3",
        "pull-defer": "0.2.2",
        "pull-pushable": "2.1.2",
        "pump": "1.0.3",
        "qs": "6.5.1",
        "readable-stream": "2.3.3",
        "stream-http": "2.7.2",
        "stream-to-pull-stream": "1.7.2",
        "streamifier": "0.1.1",
        "tar-stream": "1.5.5"
      },
      "dependencies": {
        "bs58": {
          "version": "4.0.1",
          "resolved": "https://registry.npmjs.org/bs58/-/bs58-4.0.1.tgz",
          "integrity": "sha1-vhYedsNU9veIrkBx9j806MTwpCo=",
          "dev": true,
          "requires": {
            "base-x": "3.0.4"
          }
        }
      }
    },
    "ipfs-block": {
      "version": "0.6.1",
      "resolved": "https://registry.npmjs.org/ipfs-block/-/ipfs-block-0.6.1.tgz",
      "integrity": "sha512-28dgGsb2YsYnFs+To4cVBX8e/lTCb8eWDzGhN5csj3a/sHMOYrHeK8+Ez0IV67CI3lqKGuG/ZD01Cmd6JUvKrQ==",
      "dev": true,
      "requires": {
        "cids": "0.5.2"
      }
    },
    "ipfs-unixfs": {
      "version": "0.1.14",
      "resolved": "https://registry.npmjs.org/ipfs-unixfs/-/ipfs-unixfs-0.1.14.tgz",
      "integrity": "sha512-s1tEnwKhdd17MmyC/EUMNVMDYzKhCiHDI11TF8tSBeWkEQp+0WUxkYuqvz0R5TSi2lNDJ/oVnEmwWhki2spUiQ==",
      "dev": true,
      "requires": {
        "protons": "1.0.1"
      }
    },
    "ipld-dag-pb": {
      "version": "0.11.4",
      "resolved": "https://registry.npmjs.org/ipld-dag-pb/-/ipld-dag-pb-0.11.4.tgz",
      "integrity": "sha512-A514Bt4z44bxhPQVzmBFMJsV3res92eBaDX0snzVsLLasBPNh4Z7He8N2mwSeAX9bJNywRBlJbHMQPwC45rqXw==",
      "dev": true,
      "requires": {
        "async": "2.6.0",
        "bs58": "4.0.1",
        "buffer-loader": "0.0.1",
        "cids": "0.5.2",
        "ipfs-block": "0.6.1",
        "is-ipfs": "0.3.2",
        "multihashes": "0.4.13",
        "multihashing-async": "0.4.7",
        "protons": "1.0.1",
        "pull-stream": "3.6.1",
        "pull-traverse": "1.0.3",
        "stable": "0.1.6"
      },
      "dependencies": {
        "bs58": {
          "version": "4.0.1",
          "resolved": "https://registry.npmjs.org/bs58/-/bs58-4.0.1.tgz",
          "integrity": "sha1-vhYedsNU9veIrkBx9j806MTwpCo=",
          "dev": true,
          "requires": {
            "base-x": "3.0.4"
          }
        }
      }
    },
    "is-ipfs": {
      "version": "0.3.2",
      "resolved": "https://registry.npmjs.org/is-ipfs/-/is-ipfs-0.3.2.tgz",
      "integrity": "sha512-82V1j4LMkYy7H4seQQzOWqo7FiW3I64/1/ryo3dhtWKfOvm7ZolLMRQQfGKs4OXWauh5rAkPnamVcRISHwhmpQ==",
      "dev": true,
      "requires": {
        "bs58": "4.0.1",
        "cids": "0.5.2",
        "multihashes": "0.4.13"
      },
      "dependencies": {
        "bs58": {
          "version": "4.0.1",
          "resolved": "https://registry.npmjs.org/bs58/-/bs58-4.0.1.tgz",
          "integrity": "sha1-vhYedsNU9veIrkBx9j806MTwpCo=",
          "dev": true,
          "requires": {
            "base-x": "3.0.4"
          }
        }
      }
    },
    "is-promise": {
      "version": "1.0.1",
      "resolved": "https://registry.npmjs.org/is-promise/-/is-promise-1.0.1.tgz",
      "integrity": "sha1-MVc3YcBX4zwukaq56W2gjO++duU=",
      "dev": true
    },
    "is-stream": {
      "version": "1.1.0",
      "resolved": "https://registry.npmjs.org/is-stream/-/is-stream-1.1.0.tgz",
      "integrity": "sha1-EtSj3U5o4Lec6428hBc66A2RykQ=",
      "dev": true
    },
    "isarray": {
      "version": "1.0.0",
      "resolved": "https://registry.npmjs.org/isarray/-/isarray-1.0.0.tgz",
      "integrity": "sha1-u5NdSFgsuhaMBoNJV6VKPgcSTxE=",
      "dev": true
    },
    "js-sha3": {
      "version": "0.6.1",
      "resolved": "https://registry.npmjs.org/js-sha3/-/js-sha3-0.6.1.tgz",
      "integrity": "sha1-W4n3enR3Z5h39YxKB1JAk0sflcA=",
      "dev": true
    },
    "json-stringify-safe": {
      "version": "5.0.1",
      "resolved": "https://registry.npmjs.org/json-stringify-safe/-/json-stringify-safe-5.0.1.tgz",
      "integrity": "sha1-Epai1Y/UXxmg9s4B1lcB4sc1tus=",
      "dev": true
    },
    "jsrsasign": {
      "version": "8.0.4",
      "resolved": "https://registry.npmjs.org/jsrsasign/-/jsrsasign-8.0.4.tgz",
      "integrity": "sha1-P3uCOIRPEmtJanVW7J9LUR+V+GE=",
      "dev": true
    },
    "keypair": {
      "version": "1.0.1",
      "resolved": "https://registry.npmjs.org/keypair/-/keypair-1.0.1.tgz",
      "integrity": "sha1-dgNxknCvtlZO04oiCHoG/Jqk6hs=",
      "dev": true
    },
    "libp2p-crypto": {
      "version": "0.11.0",
      "resolved": "https://registry.npmjs.org/libp2p-crypto/-/libp2p-crypto-0.11.0.tgz",
      "integrity": "sha512-luq/FVGtSukPqUMF+1ZjEY5vkZrW+GE7uosbNU3QS2bixShPYZpQ0yuj2bOBgee9JUoX9HwIx9skm9CYRStJFA==",
      "dev": true,
      "requires": {
        "asn1.js": "5.0.0",
        "async": "2.6.0",
        "browserify-aes": "1.1.1",
        "bs58": "4.0.1",
        "jsrsasign": "8.0.4",
        "keypair": "1.0.1",
        "libp2p-crypto-secp256k1": "0.2.2",
        "multihashing-async": "0.4.7",
        "pem-jwk": "1.5.1",
        "protons": "1.0.1",
        "rsa-pem-to-jwk": "1.1.3",
        "tweetnacl": "1.0.0",
        "webcrypto-shim": "github:dignifiedquire/webcrypto-shim#190bc9ec341375df6025b17ae12ddb2428ea49c8"
      },
      "dependencies": {
        "bs58": {
          "version": "4.0.1",
          "resolved": "https://registry.npmjs.org/bs58/-/bs58-4.0.1.tgz",
          "integrity": "sha1-vhYedsNU9veIrkBx9j806MTwpCo=",
          "dev": true,
          "requires": {
            "base-x": "3.0.4"
          }
        }
      }
    },
    "libp2p-crypto-secp256k1": {
      "version": "0.2.2",
      "resolved": "https://registry.npmjs.org/libp2p-crypto-secp256k1/-/libp2p-crypto-secp256k1-0.2.2.tgz",
      "integrity": "sha1-DdUh8Yq8TjahUuJOmzYwewrpzwU=",
      "dev": true,
      "requires": {
        "async": "2.6.0",
        "multihashing-async": "0.4.7",
        "nodeify": "1.0.1",
        "safe-buffer": "5.1.1",
        "secp256k1": "3.4.0"
      }
    },
    "lodash": {
      "version": "4.17.4",
      "resolved": "https://registry.npmjs.org/lodash/-/lodash-4.17.4.tgz",
      "integrity": "sha1-eCA6TRwyiuHYbcpkYONptX9AVa4=",
      "dev": true
    },
    "lodash.filter": {
      "version": "4.6.0",
      "resolved": "https://registry.npmjs.org/lodash.filter/-/lodash.filter-4.6.0.tgz",
      "integrity": "sha1-ZosdSYFgOuHMWm+nYBQ+SAtMSs4=",
      "dev": true
    },
    "lodash.map": {
      "version": "4.6.0",
      "resolved": "https://registry.npmjs.org/lodash.map/-/lodash.map-4.6.0.tgz",
      "integrity": "sha1-dx7Hg540c9nEzeKLGTlMNWL09tM=",
      "dev": true
    },
    "lodash.uniqby": {
      "version": "4.7.0",
      "resolved": "https://registry.npmjs.org/lodash.uniqby/-/lodash.uniqby-4.7.0.tgz",
      "integrity": "sha1-2ZwHpmnp5tJOE2Lf4mbGdhavEwI=",
      "dev": true
    },
    "looper": {
      "version": "3.0.0",
      "resolved": "https://registry.npmjs.org/looper/-/looper-3.0.0.tgz",
      "integrity": "sha1-LvpUw7HLq6m5Su4uWRSwvlf7t0k=",
      "dev": true
    },
    "lru-cache": {
      "version": "4.1.1",
      "resolved": "https://registry.npmjs.org/lru-cache/-/lru-cache-4.1.1.tgz",
      "integrity": "sha512-q4spe4KTfsAS1SUHLO0wz8Qiyf1+vMIAgpRYioFYDMNqKfHQbg+AVDH3i4fvpl71/P1L0dBl+fQi+P37UYf0ew==",
      "dev": true,
      "requires": {
        "pseudomap": "1.0.2",
        "yallist": "2.1.2"
      }
    },
    "md5.js": {
      "version": "1.3.4",
      "resolved": "https://registry.npmjs.org/md5.js/-/md5.js-1.3.4.tgz",
      "integrity": "sha1-6b296UogpawYsENA/Fdk1bCdkB0=",
      "dev": true,
      "requires": {
        "hash-base": "3.0.4",
        "inherits": "2.0.3"
      },
      "dependencies": {
        "hash-base": {
          "version": "3.0.4",
          "resolved": "https://registry.npmjs.org/hash-base/-/hash-base-3.0.4.tgz",
          "integrity": "sha1-X8hoaEfs1zSZQDMZprCj8/auSRg=",
          "dev": true,
          "requires": {
            "inherits": "2.0.3",
            "safe-buffer": "5.1.1"
          }
        }
      }
    },
    "minimalistic-assert": {
      "version": "1.0.0",
      "resolved": "https://registry.npmjs.org/minimalistic-assert/-/minimalistic-assert-1.0.0.tgz",
      "integrity": "sha1-cCvi3aazf0g2vLP121ZkG2Sh09M=",
      "dev": true
    },
    "minimalistic-crypto-utils": {
      "version": "1.0.1",
      "resolved": "https://registry.npmjs.org/minimalistic-crypto-utils/-/minimalistic-crypto-utils-1.0.1.tgz",
      "integrity": "sha1-9sAMHAsIIkblxNmd+4x8CDsrWCo=",
      "dev": true
    },
    "minimatch": {
      "version": "3.0.4",
      "resolved": "https://registry.npmjs.org/minimatch/-/minimatch-3.0.4.tgz",
      "integrity": "sha512-yJHVQEhyqPLUTgt9B83PXu6W3rx4MvvHvSUvToogpwoGDOUQ+yDrR0HRot+yOCdCO7u4hX3pWft6kWBBcqh0UA==",
      "dev": true,
      "requires": {
        "brace-expansion": "1.1.8"
      }
    },
    "minimist": {
      "version": "1.2.0",
      "resolved": "https://registry.npmjs.org/minimist/-/minimist-1.2.0.tgz",
      "integrity": "sha1-o1AIsg9BOD7sH7kU9M1d95omQoQ=",
      "dev": true
    },
    "multiaddr": {
      "version": "3.0.2",
      "resolved": "https://registry.npmjs.org/multiaddr/-/multiaddr-3.0.2.tgz",
      "integrity": "sha512-TLEujk9VD1SR8HgV00rr1I3MWOk4t0GSDvxzzOO1m1hfxdv4DkFHmKKUHngUCiWHDeClHKSSV23Ig5/Mav3MQw==",
      "dev": true,
      "requires": {
        "bs58": "4.0.1",
        "ip": "1.1.5",
        "lodash.filter": "4.6.0",
        "lodash.map": "4.6.0",
        "varint": "5.0.0",
        "xtend": "4.0.1"
      },
      "dependencies": {
        "bs58": {
          "version": "4.0.1",
          "resolved": "https://registry.npmjs.org/bs58/-/bs58-4.0.1.tgz",
          "integrity": "sha1-vhYedsNU9veIrkBx9j806MTwpCo=",
          "dev": true,
          "requires": {
            "base-x": "3.0.4"
          }
        }
      }
    },
    "multibase": {
      "version": "0.3.4",
      "resolved": "https://registry.npmjs.org/multibase/-/multibase-0.3.4.tgz",
      "integrity": "sha1-+6iwqslyT2LiR4JVfioGLjDTrn8=",
      "dev": true,
      "requires": {
        "base-x": "3.0.0"
      },
      "dependencies": {
        "base-x": {
          "version": "3.0.0",
          "resolved": "https://registry.npmjs.org/base-x/-/base-x-3.0.0.tgz",
          "integrity": "sha1-d7VvAxEHC3gLPIpfU0vqxH5QZwI=",
          "dev": true
        }
      }
    },
    "multicodec": {
      "version": "0.2.5",
      "resolved": "https://registry.npmjs.org/multicodec/-/multicodec-0.2.5.tgz",
      "integrity": "sha512-83MVRQi0j6cgYP0lqC+7HHbYKYpd074qy94OuzX/elmN8CTMF0/aH0Khb0pcRtALjD2ZFG3lgEy3bhwpCreO1g==",
      "dev": true,
      "requires": {
        "varint": "5.0.0"
      }
    },
    "multihashes": {
      "version": "0.4.13",
      "resolved": "https://registry.npmjs.org/multihashes/-/multihashes-0.4.13.tgz",
      "integrity": "sha512-HwJGEKPCpLlNlgGQA56CYh/Wsqa+c4JAq8+mheIgw7OK5T4QvNJqgp6TH8gZ4q4l1aiWeNat/H/MrFXmTuoFfQ==",
      "dev": true,
      "requires": {
        "bs58": "4.0.1",
        "varint": "5.0.0"
      },
      "dependencies": {
        "bs58": {
          "version": "4.0.1",
          "resolved": "https://registry.npmjs.org/bs58/-/bs58-4.0.1.tgz",
          "integrity": "sha1-vhYedsNU9veIrkBx9j806MTwpCo=",
          "dev": true,
          "requires": {
            "base-x": "3.0.4"
          }
        }
      }
    },
    "multihashing-async": {
      "version": "0.4.7",
      "resolved": "https://registry.npmjs.org/multihashing-async/-/multihashing-async-0.4.7.tgz",
      "integrity": "sha512-jjW5r2M3zS7YZmylUH1FmrckD6pQXMeMQTAvTJyo83hfTZ3B6fyph7AvHaDdr3M6c4zlmvSCM8jpEItjJ9dxuw==",
      "dev": true,
      "requires": {
        "async": "2.6.0",
        "blakejs": "1.1.0",
        "js-sha3": "0.6.1",
        "multihashes": "0.4.13",
        "murmurhash3js": "3.0.1",
        "nodeify": "1.0.1"
      }
    },
    "murmurhash3js": {
      "version": "3.0.1",
      "resolved": "https://registry.npmjs.org/murmurhash3js/-/murmurhash3js-3.0.1.tgz",
      "integrity": "sha1-Ppg+W0fCoG9DpxMXTn5DXKBEuZg=",
      "dev": true
    },
    "nan": {
      "version": "2.8.0",
      "resolved": "https://registry.npmjs.org/nan/-/nan-2.8.0.tgz",
      "integrity": "sha1-7XFfP+neArV6XmJS2QqWZ14fCFo=",
      "dev": true
    },
    "ndjson": {
      "version": "1.5.0",
      "resolved": "https://registry.npmjs.org/ndjson/-/ndjson-1.5.0.tgz",
      "integrity": "sha1-rmA7NrE0vOw0e0UkIrC/mNWDLsg=",
      "dev": true,
      "requires": {
        "json-stringify-safe": "5.0.1",
        "minimist": "1.2.0",
        "split2": "2.2.0",
        "through2": "2.0.3"
      }
    },
    "nodeify": {
      "version": "1.0.1",
      "resolved": "https://registry.npmjs.org/nodeify/-/nodeify-1.0.1.tgz",
      "integrity": "sha1-ZKtpp7268DzhB7TwM1yHwLnpGx0=",
      "dev": true,
      "requires": {
        "is-promise": "1.0.1",
        "promise": "1.3.0"
      }
    },
    "object-assign": {
      "version": "2.1.1",
      "resolved": "https://registry.npmjs.org/object-assign/-/object-assign-2.1.1.tgz",
      "integrity": "sha1-Q8NuXVaf+OSBbE76i+AtJpZ8GKo=",
      "dev": true
    },
    "once": {
      "version": "1.4.0",
      "resolved": "https://registry.npmjs.org/once/-/once-1.4.0.tgz",
      "integrity": "sha1-WDsap3WWHUsROsF9nFC6753Xa9E=",
      "dev": true,
      "requires": {
        "wrappy": "1.0.2"
      }
    },
    "optimist": {
      "version": "0.3.7",
      "resolved": "https://registry.npmjs.org/optimist/-/optimist-0.3.7.tgz",
      "integrity": "sha1-yQlBrVnkJzMokjB00s8ufLxuwNk=",
      "dev": true,
      "requires": {
        "wordwrap": "0.0.3"
      }
    },
    "path-is-absolute": {
      "version": "1.0.1",
      "resolved": "https://registry.npmjs.org/path-is-absolute/-/path-is-absolute-1.0.1.tgz",
      "integrity": "sha1-F0uSaHNVNP+8es5r9TpanhtcX18=",
      "dev": true
    },
    "peer-id": {
      "version": "0.10.4",
      "resolved": "https://registry.npmjs.org/peer-id/-/peer-id-0.10.4.tgz",
      "integrity": "sha512-thim0ZOsFbMHeZVl+0+UHPy1OZCOVDr277MQYR2swsnWex0j/7beyXTafhqislkn1dWC9fo9uKWqxwe+GSvBqg==",
      "dev": true,
      "requires": {
        "async": "2.6.0",
        "libp2p-crypto": "0.11.0",
        "lodash": "4.17.4",
        "multihashes": "0.4.13"
      }
    },
    "peer-info": {
      "version": "0.11.4",
      "resolved": "https://registry.npmjs.org/peer-info/-/peer-info-0.11.4.tgz",
      "integrity": "sha512-p+NpRgZpnlz0BGz6ZLFF8vVlqOBDxGwN7AA+QCc4nCICxVpbf4PlmtzwePVtkDqlNwUXYCDKK8pG0FGC5E8B2g==",
      "dev": true,
      "requires": {
        "lodash.uniqby": "4.7.0",
        "multiaddr": "3.0.2",
        "peer-id": "0.10.4"
      }
    },
    "pem-jwk": {
      "version": "1.5.1",
      "resolved": "https://registry.npmjs.org/pem-jwk/-/pem-jwk-1.5.1.tgz",
      "integrity": "sha1-eoY3/S9nqCflfAxC4cI8P9Us+wE=",
      "dev": true,
      "requires": {
        "asn1.js": "1.0.3"
      },
      "dependencies": {
        "asn1.js": {
          "version": "1.0.3",
          "resolved": "https://registry.npmjs.org/asn1.js/-/asn1.js-1.0.3.tgz",
          "integrity": "sha1-KBuj7B8kSP52X5Kk7s+IP+E2S1Q=",
          "dev": true,
          "requires": {
            "bn.js": "1.3.0",
            "inherits": "2.0.3",
            "minimalistic-assert": "1.0.0"
          }
        },
        "bn.js": {
          "version": "1.3.0",
          "resolved": "https://registry.npmjs.org/bn.js/-/bn.js-1.3.0.tgz",
          "integrity": "sha1-DbTL+W+PI7dC9by50ap6mZSgXoM=",
          "dev": true,
          "optional": true
        }
      }
    },
    "process-nextick-args": {
      "version": "1.0.7",
      "resolved": "https://registry.npmjs.org/process-nextick-args/-/process-nextick-args-1.0.7.tgz",
      "integrity": "sha1-FQ4gt1ZZCtP5EJPyWk8q2L/zC6M=",
      "dev": true
    },
    "promise": {
      "version": "1.3.0",
      "resolved": "https://registry.npmjs.org/promise/-/promise-1.3.0.tgz",
      "integrity": "sha1-5cyaTIJ45GZP/twBx9qEhCsEAXU=",
      "dev": true,
      "requires": {
        "is-promise": "1.0.1"
      }
    },
    "promisify-es6": {
      "version": "1.0.3",
      "resolved": "https://registry.npmjs.org/promisify-es6/-/promisify-es6-1.0.3.tgz",
      "integrity": "sha512-N9iVG+CGJsI4b4ZGazjwLnxErD2d9Pe4DPvvXSxYA9tFNu8ymXME4Qs5HIQ0LMJpNM7zj+m0NlNnNeqFpKzqnA==",
      "dev": true
    },
    "protocol-buffers-schema": {
      "version": "3.3.2",
      "resolved": "https://registry.npmjs.org/protocol-buffers-schema/-/protocol-buffers-schema-3.3.2.tgz",
      "integrity": "sha512-Xdayp8sB/mU+sUV4G7ws8xtYMGdQnxbeIfLjyO9TZZRJdztBGhlmbI5x1qcY4TG5hBkIKGnc28i7nXxaugu88w==",
      "dev": true
    },
    "protons": {
      "version": "1.0.1",
      "resolved": "https://registry.npmjs.org/protons/-/protons-1.0.1.tgz",
      "integrity": "sha512-+0ZKnfVs+4c43tbAQ5j0Mck8wPcLnlxUYzKQoB4iDW4ocdXGnN4P+0dDbgX1FTpoY9+7P2Tn2scJyHHqj+S/lQ==",
      "dev": true,
      "requires": {
        "protocol-buffers-schema": "3.3.2",
        "safe-buffer": "5.1.1",
        "signed-varint": "2.0.1",
        "varint": "5.0.0"
      }
    },
    "pseudomap": {
      "version": "1.0.2",
      "resolved": "https://registry.npmjs.org/pseudomap/-/pseudomap-1.0.2.tgz",
      "integrity": "sha1-8FKijacOYYkX7wqKw0wa5aaChrM=",
      "dev": true
    },
    "pull-defer": {
      "version": "0.2.2",
      "resolved": "https://registry.npmjs.org/pull-defer/-/pull-defer-0.2.2.tgz",
      "integrity": "sha1-CIew/7MK8ypW2+z6csFnInHwexM=",
      "dev": true
    },
    "pull-pushable": {
      "version": "2.1.2",
      "resolved": "https://registry.npmjs.org/pull-pushable/-/pull-pushable-2.1.2.tgz",
      "integrity": "sha1-P+Fbj37sifOXLSOLwEiQyUBabbs=",
      "dev": true
    },
    "pull-stream": {
      "version": "3.6.1",
      "resolved": "https://registry.npmjs.org/pull-stream/-/pull-stream-3.6.1.tgz",
      "integrity": "sha1-xcKuSlEkbv7rzGXAQSo9clqSzgA=",
      "dev": true
    },
    "pull-traverse": {
      "version": "1.0.3",
      "resolved": "https://registry.npmjs.org/pull-traverse/-/pull-traverse-1.0.3.tgz",
      "integrity": "sha1-dPtde+f6a9enjpeTPhmbeUWGaTg=",
      "dev": true
    },
    "pump": {
      "version": "1.0.3",
      "resolved": "https://registry.npmjs.org/pump/-/pump-1.0.3.tgz",
      "integrity": "sha512-8k0JupWme55+9tCVE+FS5ULT3K6AbgqrGa58lTT49RpyfwwcGedHqaC5LlQNdEAumn/wFsu6aPwkuPMioy8kqw==",
      "dev": true,
      "requires": {
        "end-of-stream": "1.4.1",
        "once": "1.4.0"
      }
    },
    "qs": {
      "version": "6.5.1",
      "resolved": "https://registry.npmjs.org/qs/-/qs-6.5.1.tgz",
      "integrity": "sha512-eRzhrN1WSINYCDCbrz796z37LOe3m5tmW7RQf6oBntukAG1nmovJvhnwHHRMAfeoItc1m2Hk02WER2aQ/iqs+A==",
      "dev": true
    },
    "readable-stream": {
      "version": "2.3.3",
      "resolved": "https://registry.npmjs.org/readable-stream/-/readable-stream-2.3.3.tgz",
      "integrity": "sha512-m+qzzcn7KUxEmd1gMbchF+Y2eIUbieUaxkWtptyHywrX0rE8QEYqPC07Vuy4Wm32/xE16NcdBctb8S0Xe/5IeQ==",
      "dev": true,
      "requires": {
        "core-util-is": "1.0.2",
        "inherits": "2.0.3",
        "isarray": "1.0.0",
        "process-nextick-args": "1.0.7",
        "safe-buffer": "5.1.1",
        "string_decoder": "1.0.3",
        "util-deprecate": "1.0.2"
      }
    },
    "ripemd160": {
      "version": "2.0.1",
      "resolved": "https://registry.npmjs.org/ripemd160/-/ripemd160-2.0.1.tgz",
      "integrity": "sha1-D0WEKVxTo2KK9+bXmsohzlfRxuc=",
      "dev": true,
      "requires": {
        "hash-base": "2.0.2",
        "inherits": "2.0.3"
      }
    },
    "rsa-pem-to-jwk": {
      "version": "1.1.3",
      "resolved": "https://registry.npmjs.org/rsa-pem-to-jwk/-/rsa-pem-to-jwk-1.1.3.tgz",
      "integrity": "sha1-JF52vbfnI0z+58oDLTG1TDj6uY4=",
      "dev": true,
      "requires": {
        "object-assign": "2.1.1",
        "rsa-unpack": "0.0.6"
      }
    },
    "rsa-unpack": {
      "version": "0.0.6",
      "resolved": "https://registry.npmjs.org/rsa-unpack/-/rsa-unpack-0.0.6.tgz",
      "integrity": "sha1-9Q69VqYoN45jHylxYQJs6atO3bo=",
      "dev": true,
      "requires": {
        "optimist": "0.3.7"
      }
    },
    "safe-buffer": {
      "version": "5.1.1",
      "resolved": "https://registry.npmjs.org/safe-buffer/-/safe-buffer-5.1.1.tgz",
      "integrity": "sha512-kKvNJn6Mm93gAczWVJg7wH+wGYWNrDHdWvpUmHyEsgCtIwwo3bqPtV4tR5tuPaUhTOo/kvhVwd8XwwOllGYkbg==",
      "dev": true
    },
    "secp256k1": {
      "version": "3.4.0",
      "resolved": "https://registry.npmjs.org/secp256k1/-/secp256k1-3.4.0.tgz",
      "integrity": "sha512-eC120ESQ6MB3gMkxj0PVcSjv/9VtSUmm9uPGNc58yTs93iMCUQZ1xeGPidQMY1z1O4psbCtOxRu3vNqpbuck6Q==",
      "dev": true,
      "requires": {
        "bindings": "1.3.0",
        "bip66": "1.1.5",
        "bn.js": "4.11.8",
        "create-hash": "1.1.3",
        "drbg.js": "1.0.1",
        "elliptic": "6.4.0",
        "nan": "2.8.0",
        "safe-buffer": "5.1.1"
      }
    },
    "sha.js": {
      "version": "2.4.9",
      "resolved": "https://registry.npmjs.org/sha.js/-/sha.js-2.4.9.tgz",
      "integrity": "sha512-G8zektVqbiPHrylgew9Zg1VRB1L/DtXNUVAM6q4QLy8NE3qtHlFXTf8VLL4k1Yl6c7NMjtZUTdXV+X44nFaT6A==",
      "dev": true,
      "requires": {
        "inherits": "2.0.3",
        "safe-buffer": "5.1.1"
      }
    },
    "signed-varint": {
      "version": "2.0.1",
      "resolved": "https://registry.npmjs.org/signed-varint/-/signed-varint-2.0.1.tgz",
      "integrity": "sha1-UKmYnafJjCxh2tEZvJdHDvhSgSk=",
      "dev": true,
      "requires": {
        "varint": "5.0.0"
      }
    },
    "split2": {
      "version": "2.2.0",
      "resolved": "https://registry.npmjs.org/split2/-/split2-2.2.0.tgz",
      "integrity": "sha512-RAb22TG39LhI31MbreBgIuKiIKhVsawfTgEGqKHTK87aG+ul/PB8Sqoi3I7kVdRWiCfrKxK3uo4/YUkpNvhPbw==",
      "dev": true,
      "requires": {
        "through2": "2.0.3"
      }
    },
    "stable": {
      "version": "0.1.6",
      "resolved": "https://registry.npmjs.org/stable/-/stable-0.1.6.tgz",
      "integrity": "sha1-kQ9dKu17Ugxud3SZwfMuE5/eyxA=",
      "dev": true
    },
    "stream-http": {
      "version": "2.7.2",
      "resolved": "https://registry.npmjs.org/stream-http/-/stream-http-2.7.2.tgz",
      "integrity": "sha512-c0yTD2rbQzXtSsFSVhtpvY/vS6u066PcXOX9kBB3mSO76RiUQzL340uJkGBWnlBg4/HZzqiUXtaVA7wcRcJgEw==",
      "dev": true,
      "requires": {
        "builtin-status-codes": "3.0.0",
        "inherits": "2.0.3",
        "readable-stream": "2.3.3",
        "to-arraybuffer": "1.0.1",
        "xtend": "4.0.1"
      }
    },
    "stream-to-pull-stream": {
      "version": "1.7.2",
      "resolved": "https://registry.npmjs.org/stream-to-pull-stream/-/stream-to-pull-stream-1.7.2.tgz",
      "integrity": "sha1-dXYJrhzr0zx0MtSvvjH/eGULnd4=",
      "dev": true,
      "requires": {
        "looper": "3.0.0",
        "pull-stream": "3.6.1"
      }
    },
    "streamifier": {
      "version": "0.1.1",
      "resolved": "https://registry.npmjs.org/streamifier/-/streamifier-0.1.1.tgz",
      "integrity": "sha1-l+mNj6TRBdYqJpHR3AfoINuN/E8=",
      "dev": true
    },
    "string_decoder": {
      "version": "1.0.3",
      "resolved": "https://registry.npmjs.org/string_decoder/-/string_decoder-1.0.3.tgz",
      "integrity": "sha512-4AH6Z5fzNNBcH+6XDMfA/BTt87skxqJlO0lAh3Dker5zThcAxG6mKz+iGu308UKoPPQ8Dcqx/4JhujzltRa+hQ==",
      "dev": true,
      "requires": {
        "safe-buffer": "5.1.1"
      }
    },
    "tar-stream": {
      "version": "1.5.5",
      "resolved": "https://registry.npmjs.org/tar-stream/-/tar-stream-1.5.5.tgz",
      "integrity": "sha512-mQdgLPc/Vjfr3VWqWbfxW8yQNiJCbAZ+Gf6GDu1Cy0bdb33ofyiNGBtAY96jHFhDuivCwgW1H9DgTON+INiXgg==",
      "dev": true,
      "requires": {
        "bl": "1.2.1",
        "end-of-stream": "1.4.1",
        "readable-stream": "2.3.3",
        "xtend": "4.0.1"
      }
    },
    "through2": {
      "version": "2.0.3",
      "resolved": "https://registry.npmjs.org/through2/-/through2-2.0.3.tgz",
      "integrity": "sha1-AARWmzfHx0ujnEPzzteNGtlBQL4=",
      "dev": true,
      "requires": {
        "readable-stream": "2.3.3",
        "xtend": "4.0.1"
      }
    },
    "to-arraybuffer": {
      "version": "1.0.1",
      "resolved": "https://registry.npmjs.org/to-arraybuffer/-/to-arraybuffer-1.0.1.tgz",
      "integrity": "sha1-fSKbH8xjfkZsoIEYCDanqr/4P0M=",
      "dev": true
    },
    "tweetnacl": {
      "version": "1.0.0",
      "resolved": "https://registry.npmjs.org/tweetnacl/-/tweetnacl-1.0.0.tgz",
      "integrity": "sha1-cT2LgY2kIGh0C/aDhtBHnmb8ins=",
      "dev": true
    },
    "typedarray": {
      "version": "0.0.6",
      "resolved": "https://registry.npmjs.org/typedarray/-/typedarray-0.0.6.tgz",
      "integrity": "sha1-hnrHTjhkGHsdPUfZlqeOxciDB3c=",
      "dev": true
    },
    "util-deprecate": {
      "version": "1.0.2",
      "resolved": "https://registry.npmjs.org/util-deprecate/-/util-deprecate-1.0.2.tgz",
      "integrity": "sha1-RQ1Nyfpw3nMnYvvS1KKJgUGaDM8=",
      "dev": true
    },
    "varint": {
      "version": "5.0.0",
      "resolved": "https://registry.npmjs.org/varint/-/varint-5.0.0.tgz",
      "integrity": "sha1-2Ca4n3SQcy+rwMDtaT7Uddyynr8=",
      "dev": true
    },
    "webcrypto-shim": {
      "version": "github:dignifiedquire/webcrypto-shim#190bc9ec341375df6025b17ae12ddb2428ea49c8",
      "dev": true
    },
    "wordwrap": {
      "version": "0.0.3",
      "resolved": "https://registry.npmjs.org/wordwrap/-/wordwrap-0.0.3.tgz",
      "integrity": "sha1-o9XabNXAvAAI03I0u68b7WMFkQc=",
      "dev": true
    },
    "wrappy": {
      "version": "1.0.2",
      "resolved": "https://registry.npmjs.org/wrappy/-/wrappy-1.0.2.tgz",
      "integrity": "sha1-tSQ9jz7BqjXxNkYFvA0QNuMKtp8=",
      "dev": true
    },
    "xtend": {
      "version": "4.0.1",
      "resolved": "https://registry.npmjs.org/xtend/-/xtend-4.0.1.tgz",
      "integrity": "sha1-pcbVMr5lbiPbgg77lDofBJmNY68=",
      "dev": true
    },
    "yallist": {
      "version": "2.1.2",
      "resolved": "https://registry.npmjs.org/yallist/-/yallist-2.1.2.tgz",
      "integrity": "sha1-HBH5IY8HYImkfdUS+TxmmaaoHVI=",
      "dev": true
    }
  }
}
